
Microsoft Visual Studio Solution File, Format Version 12.00
# Visual Studio Version 17
VisualStudioVersion = 17.5.33424.131
MinimumVisualStudioVersion = 10.0.40219.1
Project("{FAE04EC0-301F-11D3-BF4B-00C04F79EFBC}") = "TaskWebProject", "TaskWebProject\TaskWebProject.csproj", "{84A75DA7-EF10-4790-A792-D3BBE6294B7D}"
EndProject
Project("{FAE04EC0-301F-11D3-BF4B-00C04F79EFBC}") = "TaskApiProject", "TaskApiProject\TaskApiProject.csproj", "{52E3A3D8-96BA-4D44-9C26-E0F93546B8E5}"
EndProject
Project("{2150E333-8FDC-42A3-9474-1A3956D46DE8}") = "Applications", "Applications", "{B42D26F7-E84F-4172-8508-EF90F3ED55FB}"
EndProject
Project("{2150E333-8FDC-42A3-9474-1A3956D46DE8}") = "Infrastructure", "Infrastructure", "{C9A3B578-82D7-413F-A9EE-F970EC121393}"
EndProject
Project("{2150E333-8FDC-42A3-9474-1A3956D46DE8}") = "Shared", "Shared", "{5B44492E-37E1-4F7B-84AD-2EACB23D75B8}"
EndProject
Global
	GlobalSection(SolutionConfigurationPlatforms) = preSolution
		Debug|Any CPU = Debug|Any CPU
		Release|Any CPU = Release|Any CPU
	EndGlobalSection
	GlobalSection(ProjectConfigurationPlatforms) = postSolution
		{84A75DA7-EF10-4790-A792-D3BBE6294B7D}.Debug|Any CPU.ActiveCfg = Debug|Any CPU
		{84A75DA7-EF10-4790-A792-D3BBE6294B7D}.Debug|Any CPU.Build.0 = Debug|Any CPU
		{84A75DA7-EF10-4790-A792-D3BBE6294B7D}.Release|Any CPU.ActiveCfg = Release|Any CPU
		{84A75DA7-EF10-4790-A792-D3BBE6294B7D}.Release|Any CPU.Build.0 = Release|Any CPU
		{52E3A3D8-96BA-4D44-9C26-E0F93546B8E5}.Debug|Any CPU.ActiveCfg = Debug|Any CPU
		{52E3A3D8-96BA-4D44-9C26-E0F93546B8E5}.Debug|Any CPU.Build.0 = Debug|Any CPU
		{52E3A3D8-96BA-4D44-9C26-E0F93546B8E5}.Release|Any CPU.ActiveCfg = Release|Any CPU
		{52E3A3D8-96BA-4D44-9C26-E0F93546B8E5}.Release|Any CPU.Build.0 = Release|Any CPU
	EndGlobalSection
	GlobalSection(SolutionProperties) = preSolution
		HideSolutionNode = FALSE
	EndGlobalSection
	GlobalSection(NestedProjects) = preSolution
		{84A75DA7-EF10-4790-A792-D3BBE6294B7D} = {B42D26F7-E84F-4172-8508-EF90F3ED55FB}
		{52E3A3D8-96BA-4D44-9C26-E0F93546B8E5} = {B42D26F7-E84F-4172-8508-EF90F3ED55FB}
	EndGlobalSection
	GlobalSection(ExtensibilityGlobals) = postSolution
		SolutionGuid = {EFFE48C3-8505-4C38-B8F2-8CA8A5300828}
	EndGlobalSection
EndGlobal
